# THIS IS AN AUTOGENERATED FILE. DO NOT EDIT THIS FILE DIRECTLY.
# yarn lockfile v1


fontname@^1.0.0:
  version "1.0.0"
  resolved "https://registry.yarnpkg.com/fontname/-/fontname-1.0.0.tgz#9c94440f04f9a2484b69c8c856374a39b132bb17"
  integrity sha512-Nrc9jaGbRWYOfKRsGjTeFZtxwNbWw+/erjiGcJIbiCTUCgtDQvwsumOb2966vUj4GYXwf/q4ddB1aXxAGruv4g==
